
Microsoft Visual Studio Solution File, Format Version 12.00
# Visual Studio Version 17
VisualStudioVersion = 17.9.34622.214
MinimumVisualStudioVersion = 10.0.40219.1
Project("{FAE04EC0-301F-11D3-BF4B-00C04F79EFBC}") = "MedPoint.Availability.DataAccess", "MedPoint.Availability.DataAccess\MedPoint.Availability.DataAccess.csproj", "{5195D59F-CAF7-4A75-8651-53311AE13E13}"
EndProject
Global
	GlobalSection(SolutionConfigurationPlatforms) = preSolution
		Debug|Any CPU = Debug|Any CPU
		Release|Any CPU = Release|Any CPU
	EndGlobalSection
	GlobalSection(ProjectConfigurationPlatforms) = postSolution
		{5195D59F-CAF7-4A75-8651-53311AE13E13}.Debug|Any CPU.ActiveCfg = Debug|Any CPU
		{5195D59F-CAF7-4A75-8651-53311AE13E13}.Debug|Any CPU.Build.0 = Debug|Any CPU
		{5195D59F-CAF7-4A75-8651-53311AE13E13}.Release|Any CPU.ActiveCfg = Release|Any CPU
		{5195D59F-CAF7-4A75-8651-53311AE13E13}.Release|Any CPU.Build.0 = Release|Any CPU
	EndGlobalSection
	GlobalSection(SolutionProperties) = preSolution
		HideSolutionNode = FALSE
	EndGlobalSection
	GlobalSection(ExtensibilityGlobals) = postSolution
		SolutionGuid = {015B9167-EB9F-4AFE-ACDF-9B3DFB93852D}
	EndGlobalSection
EndGlobal
